<?xml version="1.0" encoding="utf-8"?>
<Project ToolsVersion="4.0" xmlns="http://schemas.microsoft.com/developer/msbuild/2003">
  <ItemGroup>
    <Filter Include="win32">
      <UniqueIdentifier>{84a8ebd7-7cf0-47f6-b75e-d441df67da40}</UniqueIdentifier>
    </Filter>
    <Filter Include="resource">
      <UniqueIdentifier>{715254bc-d70b-4ec5-bf29-467dd3ace079}</UniqueIdentifier>
    </Filter>
    <Filter Include="src">
      <UniqueIdentifier>{bb6c862e-70e9-49d9-81b7-3829a6f50471}</UniqueIdentifier>
    </Filter>
    <Filter Include="Scene">
      <UniqueIdentifier>{ce789bb6-2d1d-409f-b404-ad75ea36e303}</UniqueIdentifier>
    </Filter>
    <Filter Include="UI">
      <UniqueIdentifier>{b9f34e0a-c449-4396-848b-bbc6691f8380}</UniqueIdentifier>
    </Filter>
    <Filter Include="Layer">
      <UniqueIdentifier>{3c000f2e-67ef-4e6d-a8ea-cfa7941618bc}</UniqueIdentifier>
    </Filter>
    <Filter Include="Manager">
      <UniqueIdentifier>{3df3c177-e5ab-4ca2-8900-0d2f00b7ffa7}</UniqueIdentifier>
    </Filter>
    <Filter Include="Player">
      <UniqueIdentifier>{09cb0183-f0ae-4c18-8c2d-13e230713176}</UniqueIdentifier>
    </Filter>
    <Filter Include="Object">
      <UniqueIdentifier>{aa783916-3b36-44a7-85b6-7107265d59a5}</UniqueIdentifier>
    </Filter>
    <Filter Include="Object\Unit">
      <UniqueIdentifier>{3fb09350-6943-4fbb-82b9-8daab7a12c6c}</UniqueIdentifier>
    </Filter>
    <Filter Include="Object\Unit\Tank">
      <UniqueIdentifier>{60b13297-d589-4862-b163-a71c7e1ef73b}</UniqueIdentifier>
    </Filter>
    <Filter Include="Object\Unit\Missile">
      <UniqueIdentifier>{4d6d7c7b-38b6-48eb-89e0-16074e0af796}</UniqueIdentifier>
    </Filter>
    <Filter Include="Object\Building">
      <UniqueIdentifier>{8743d9f4-1ddc-4462-8a09-adc234dcbb81}</UniqueIdentifier>
    </Filter>
  </ItemGroup>
  <ItemGroup>
    <ClCompile Include="main.cpp">
      <Filter>win32</Filter>
    </ClCompile>
    <ClCompile Include="..\Classes\AppDelegate.cpp" />
    <ClCompile Include="..\Classes\Missile.cpp">
      <Filter>Object\Unit\Missile</Filter>
    </ClCompile>
    <ClCompile Include="..\Classes\MainScene.cpp">
      <Filter>Scene</Filter>
    </ClCompile>
    <ClCompile Include="..\Classes\GameScene.cpp">
      <Filter>Scene</Filter>
    </ClCompile>
    <ClCompile Include="..\Classes\GameManager.cpp">
      <Filter>Manager</Filter>
    </ClCompile>
    <ClCompile Include="..\Classes\InputManager.cpp">
      <Filter>Manager</Filter>
    </ClCompile>
    <ClCompile Include="..\Classes\Player.cpp">
      <Filter>Player</Filter>
    </ClCompile>
    <ClCompile Include="..\Classes\UILayer.cpp">
      <Filter>UI</Filter>
    </ClCompile>
    <ClCompile Include="..\Classes\Unit.cpp">
      <Filter>Object\Unit</Filter>
    </ClCompile>
    <ClCompile Include="..\Classes\ListenerLayer.cpp">
      <Filter>Layer</Filter>
    </ClCompile>
    <ClCompile Include="..\Classes\ObjectLayer.cpp">
      <Filter>Layer</Filter>
    </ClCompile>
    <ClCompile Include="..\Classes\GameOverScene.cpp">
      <Filter>Scene</Filter>
    </ClCompile>
    <ClCompile Include="..\Classes\MapLayer.cpp">
      <Filter>Layer</Filter>
    </ClCompile>
    <ClCompile Include="..\Classes\Tank.cpp">
      <Filter>Object\Unit\Tank</Filter>
    </ClCompile>
  </ItemGroup>
  <ItemGroup>
    <ClInclude Include="main.h">
      <Filter>win32</Filter>
    </ClInclude>
    <ClInclude Include="..\Classes\AppDelegate.h" />
    <ClInclude Include="..\Classes\Missile.h">
      <Filter>Object\Unit\Missile</Filter>
    </ClInclude>
    <ClInclude Include="..\Classes\MainScene.h">
      <Filter>Scene</Filter>
    </ClInclude>
    <ClInclude Include="..\Classes\GameScene.h">
      <Filter>Scene</Filter>
    </ClInclude>
    <ClInclude Include="..\Classes\GameManager.h">
      <Filter>Manager</Filter>
    </ClInclude>
    <ClInclude Include="..\Classes\InputManager.h">
      <Filter>Manager</Filter>
    </ClInclude>
    <ClInclude Include="..\Classes\Player.h">
      <Filter>Player</Filter>
    </ClInclude>
    <ClInclude Include="..\Classes\UILayer.h">
      <Filter>UI</Filter>
    </ClInclude>
    <ClInclude Include="..\Classes\Unit.h">
      <Filter>Object\Unit</Filter>
    </ClInclude>
    <ClInclude Include="..\Classes\ListenerLayer.h">
      <Filter>Layer</Filter>
    </ClInclude>
    <ClInclude Include="..\Classes\ObjectLayer.h">
      <Filter>Layer</Filter>
    </ClInclude>
    <ClInclude Include="..\Classes\Enums.h" />
    <ClInclude Include="..\Classes\GameOverScene.h">
      <Filter>Scene</Filter>
    </ClInclude>
    <ClInclude Include="..\Classes\MapLayer.h">
      <Filter>Layer</Filter>
    </ClInclude>
    <ClInclude Include="..\Classes\Tank.h">
      <Filter>Object\Unit\Tank</Filter>
    </ClInclude>
  </ItemGroup>
  <ItemGroup>
    <ResourceCompile Include="game.rc">
      <Filter>resource</Filter>
    </ResourceCompile>
  </ItemGroup>
</Project>